Microsoft Visual Studio Solution File, Format Version 8.00
Project("{8BC9CEB8-8B4A-11D0-8D11-00A0C91BC942}") = "base", "src\base\base.vcproj", "{01EBC18F-8138-49FF-8274-08DE041E580E}"
	ProjectSection(ProjectDependencies) = postProject
	EndProjectSection
EndProject
Project("{8BC9CEB8-8B4A-11D0-8D11-00A0C91BC942}") = "tools", "src\tools\tools.vcproj", "{FEE8AC25-54B5-4559-BC90-2D116DB3546B}"
	ProjectSection(ProjectDependencies) = postProject
		{01EBC18F-8138-49FF-8274-08DE041E580E} = {01EBC18F-8138-49FF-8274-08DE041E580E}
		{4A8FBD98-06B3-47A9-B8AE-FAA4E958DFF8} = {4A8FBD98-06B3-47A9-B8AE-FAA4E958DFF8}
	EndProjectSection
EndProject
Project("{8BC9CEB8-8B4A-11D0-8D11-00A0C91BC942}") = "math", "src\math\math.vcproj", "{4A8FBD98-06B3-47A9-B8AE-FAA4E958DFF8}"
	ProjectSection(ProjectDependencies) = postProject
		{01EBC18F-8138-49FF-8274-08DE041E580E} = {01EBC18F-8138-49FF-8274-08DE041E580E}
	EndProjectSection
EndProject
Project("{8BC9CEB8-8B4A-11D0-8D11-00A0C91BC942}") = "rawray", "src\rawray\rawray.vcproj", "{223E68B7-30C0-4701-ADBF-7FE459ADBBEC}"
	ProjectSection(ProjectDependencies) = postProject
		{FEE8AC25-54B5-4559-BC90-2D116DB3546B} = {FEE8AC25-54B5-4559-BC90-2D116DB3546B}
		{01EBC18F-8138-49FF-8274-08DE041E580E} = {01EBC18F-8138-49FF-8274-08DE041E580E}
		{4A8FBD98-06B3-47A9-B8AE-FAA4E958DFF8} = {4A8FBD98-06B3-47A9-B8AE-FAA4E958DFF8}
	EndProjectSection
EndProject
Project("{8BC9CEB8-8B4A-11D0-8D11-00A0C91BC942}") = "rawray_console", "src\rawray_console\rawray_console.vcproj", "{F44D173D-C201-42AB-9A51-3275D0EB404C}"
	ProjectSection(ProjectDependencies) = postProject
		{FEE8AC25-54B5-4559-BC90-2D116DB3546B} = {FEE8AC25-54B5-4559-BC90-2D116DB3546B}
		{223E68B7-30C0-4701-ADBF-7FE459ADBBEC} = {223E68B7-30C0-4701-ADBF-7FE459ADBBEC}
	EndProjectSection
EndProject
Global
	GlobalSection(SolutionConfiguration) = preSolution
		Debug = Debug
		Release = Release
	EndGlobalSection
	GlobalSection(ProjectDependencies) = postSolution
	EndGlobalSection
	GlobalSection(ProjectConfiguration) = postSolution
		{01EBC18F-8138-49FF-8274-08DE041E580E}.Debug.ActiveCfg = Debug|Win32
		{01EBC18F-8138-49FF-8274-08DE041E580E}.Debug.Build.0 = Debug|Win32
		{01EBC18F-8138-49FF-8274-08DE041E580E}.Release.ActiveCfg = Release|Win32
		{01EBC18F-8138-49FF-8274-08DE041E580E}.Release.Build.0 = Release|Win32
		{FEE8AC25-54B5-4559-BC90-2D116DB3546B}.Debug.ActiveCfg = Debug|Win32
		{FEE8AC25-54B5-4559-BC90-2D116DB3546B}.Debug.Build.0 = Debug|Win32
		{FEE8AC25-54B5-4559-BC90-2D116DB3546B}.Release.ActiveCfg = Release|Win32
		{FEE8AC25-54B5-4559-BC90-2D116DB3546B}.Release.Build.0 = Release|Win32
		{4A8FBD98-06B3-47A9-B8AE-FAA4E958DFF8}.Debug.ActiveCfg = Debug|Win32
		{4A8FBD98-06B3-47A9-B8AE-FAA4E958DFF8}.Debug.Build.0 = Debug|Win32
		{4A8FBD98-06B3-47A9-B8AE-FAA4E958DFF8}.Release.ActiveCfg = Release|Win32
		{4A8FBD98-06B3-47A9-B8AE-FAA4E958DFF8}.Release.Build.0 = Release|Win32
		{223E68B7-30C0-4701-ADBF-7FE459ADBBEC}.Debug.ActiveCfg = Debug|Win32
		{223E68B7-30C0-4701-ADBF-7FE459ADBBEC}.Debug.Build.0 = Debug|Win32
		{223E68B7-30C0-4701-ADBF-7FE459ADBBEC}.Release.ActiveCfg = Release|Win32
		{223E68B7-30C0-4701-ADBF-7FE459ADBBEC}.Release.Build.0 = Release|Win32
		{F44D173D-C201-42AB-9A51-3275D0EB404C}.Debug.ActiveCfg = Debug|Win32
		{F44D173D-C201-42AB-9A51-3275D0EB404C}.Debug.Build.0 = Debug|Win32
		{F44D173D-C201-42AB-9A51-3275D0EB404C}.Release.ActiveCfg = Release|Win32
		{F44D173D-C201-42AB-9A51-3275D0EB404C}.Release.Build.0 = Release|Win32
	EndGlobalSection
	GlobalSection(ExtensibilityGlobals) = postSolution
	EndGlobalSection
	GlobalSection(ExtensibilityAddIns) = postSolution
	EndGlobalSection
EndGlobal
